
Microsoft Visual Studio Solution File, Format Version 12.00
# Visual Studio Version 17
VisualStudioVersion = 17.8.34330.188
MinimumVisualStudioVersion = 10.0.40219.1
Project("{FAE04EC0-301F-11D3-BF4B-00C04F79EFBC}") = "RepositoryPatternPractise", "RepositoryPatternPractise\RepositoryPatternPractise.csproj", "{804BEF9A-7E21-481D-9E6F-10BF7127558B}"
EndProject
Global
	GlobalSection(SolutionConfigurationPlatforms) = preSolution
		Debug|Any CPU = Debug|Any CPU
		Release|Any CPU = Release|Any CPU
	EndGlobalSection
	GlobalSection(ProjectConfigurationPlatforms) = postSolution
		{804BEF9A-7E21-481D-9E6F-10BF7127558B}.Debug|Any CPU.ActiveCfg = Debug|Any CPU
		{804BEF9A-7E21-481D-9E6F-10BF7127558B}.Debug|Any CPU.Build.0 = Debug|Any CPU
		{804BEF9A-7E21-481D-9E6F-10BF7127558B}.Release|Any CPU.ActiveCfg = Release|Any CPU
		{804BEF9A-7E21-481D-9E6F-10BF7127558B}.Release|Any CPU.Build.0 = Release|Any CPU
	EndGlobalSection
	GlobalSection(SolutionProperties) = preSolution
		HideSolutionNode = FALSE
	EndGlobalSection
	GlobalSection(ExtensibilityGlobals) = postSolution
		SolutionGuid = {364D537C-F4B8-49B4-BA10-620D4C0A2FBE}
	EndGlobalSection
EndGlobal
